
Microsoft Visual Studio Solution File, Format Version 12.00
# Visual Studio 15
VisualStudioVersion = 15.0.28307.572
MinimumVisualStudioVersion = 10.0.40219.1
Project("{FAE04EC0-301F-11D3-BF4B-00C04F79EFBC}") = "WpfApp13", "WpfApp13\WpfApp13.csproj", "{D2B5E544-9848-4875-8F11-46C77FA17D78}"
EndProject
Global
	GlobalSection(SolutionConfigurationPlatforms) = preSolution
		Debug|Any CPU = Debug|Any CPU
		Release|Any CPU = Release|Any CPU
	EndGlobalSection
	GlobalSection(ProjectConfigurationPlatforms) = postSolution
		{D2B5E544-9848-4875-8F11-46C77FA17D78}.Debug|Any CPU.ActiveCfg = Debug|Any CPU
		{D2B5E544-9848-4875-8F11-46C77FA17D78}.Debug|Any CPU.Build.0 = Debug|Any CPU
		{D2B5E544-9848-4875-8F11-46C77FA17D78}.Release|Any CPU.ActiveCfg = Release|Any CPU
		{D2B5E544-9848-4875-8F11-46C77FA17D78}.Release|Any CPU.Build.0 = Release|Any CPU
	EndGlobalSection
	GlobalSection(SolutionProperties) = preSolution
		HideSolutionNode = FALSE
	EndGlobalSection
	GlobalSection(ExtensibilityGlobals) = postSolution
		SolutionGuid = {ACA0CD22-FEB2-4AA7-8F54-AF1F7BD173D7}
	EndGlobalSection
EndGlobal
